
Microsoft Visual Studio Solution File, Format Version 12.00
Project("{FAE04EC0-301F-11D3-BF4B-00C04F79EFBC}") = "Packety", "Packety\Packety.csproj", "{85C7F960-7CA4-4CF8-A687-AEB31485F60C}"
EndProject
Project("{FAE04EC0-301F-11D3-BF4B-00C04F79EFBC}") = "Packety.Tests", "Packety.Tests\Packety.Tests.csproj", "{7498C7CB-D657-4888-BC7C-57C9564DFB99}"
EndProject
Global
	GlobalSection(SolutionConfigurationPlatforms) = preSolution
		Debug|Any CPU = Debug|Any CPU
		Release|Any CPU = Release|Any CPU
	EndGlobalSection
	GlobalSection(ProjectConfigurationPlatforms) = postSolution
		{85C7F960-7CA4-4CF8-A687-AEB31485F60C}.Debug|Any CPU.ActiveCfg = Debug|Any CPU
		{85C7F960-7CA4-4CF8-A687-AEB31485F60C}.Debug|Any CPU.Build.0 = Debug|Any CPU
		{85C7F960-7CA4-4CF8-A687-AEB31485F60C}.Release|Any CPU.ActiveCfg = Release|Any CPU
		{85C7F960-7CA4-4CF8-A687-AEB31485F60C}.Release|Any CPU.Build.0 = Release|Any CPU
		{7498C7CB-D657-4888-BC7C-57C9564DFB99}.Debug|Any CPU.ActiveCfg = Debug|Any CPU
		{7498C7CB-D657-4888-BC7C-57C9564DFB99}.Debug|Any CPU.Build.0 = Debug|Any CPU
		{7498C7CB-D657-4888-BC7C-57C9564DFB99}.Release|Any CPU.ActiveCfg = Release|Any CPU
		{7498C7CB-D657-4888-BC7C-57C9564DFB99}.Release|Any CPU.Build.0 = Release|Any CPU
	EndGlobalSection
EndGlobal
